
Microsoft Visual Studio Solution File, Format Version 12.00
Project("{2150E333-8FDC-42A3-9474-1A3956D46DE8}") = "Core", "Core", "{D885D7B4-7465-4F5A-A1C0-15E8828F1600}"
EndProject
Project("{FAE04EC0-301F-11D3-BF4B-00C04F79EFBC}") = "Domain", "Domain\Domain.csproj", "{937B37C3-0A9A-4A25-BB20-EBD41408BB25}"
EndProject
Project("{2150E333-8FDC-42A3-9474-1A3956D46DE8}") = "Infrastructure", "Infrastructure", "{362E4642-48AD-4F58-BACD-19D17FE15C14}"
EndProject
Project("{FAE04EC0-301F-11D3-BF4B-00C04F79EFBC}") = "ConsoleApplication", "ConsoleApplication\ConsoleApplication.csproj", "{3F9106DF-7ABA-4771-8E92-8C78DB896F1C}"
EndProject
Project("{FAE04EC0-301F-11D3-BF4B-00C04F79EFBC}") = "Persistence", "Persistence\Persistence.csproj", "{C5CDDA5A-FA2F-4BB7-9AA1-720A67B7EE43}"
EndProject
Global
	GlobalSection(SolutionConfigurationPlatforms) = preSolution
		Debug|Any CPU = Debug|Any CPU
		Release|Any CPU = Release|Any CPU
	EndGlobalSection
	GlobalSection(NestedProjects) = preSolution
		{937B37C3-0A9A-4A25-BB20-EBD41408BB25} = {D885D7B4-7465-4F5A-A1C0-15E8828F1600}
		{3F9106DF-7ABA-4771-8E92-8C78DB896F1C} = {D885D7B4-7465-4F5A-A1C0-15E8828F1600}
		{C5CDDA5A-FA2F-4BB7-9AA1-720A67B7EE43} = {362E4642-48AD-4F58-BACD-19D17FE15C14}
	EndGlobalSection
	GlobalSection(ProjectConfigurationPlatforms) = postSolution
		{937B37C3-0A9A-4A25-BB20-EBD41408BB25}.Debug|Any CPU.ActiveCfg = Debug|Any CPU
		{937B37C3-0A9A-4A25-BB20-EBD41408BB25}.Debug|Any CPU.Build.0 = Debug|Any CPU
		{937B37C3-0A9A-4A25-BB20-EBD41408BB25}.Release|Any CPU.ActiveCfg = Release|Any CPU
		{937B37C3-0A9A-4A25-BB20-EBD41408BB25}.Release|Any CPU.Build.0 = Release|Any CPU
		{3F9106DF-7ABA-4771-8E92-8C78DB896F1C}.Debug|Any CPU.ActiveCfg = Debug|Any CPU
		{3F9106DF-7ABA-4771-8E92-8C78DB896F1C}.Debug|Any CPU.Build.0 = Debug|Any CPU
		{3F9106DF-7ABA-4771-8E92-8C78DB896F1C}.Release|Any CPU.ActiveCfg = Release|Any CPU
		{3F9106DF-7ABA-4771-8E92-8C78DB896F1C}.Release|Any CPU.Build.0 = Release|Any CPU
		{C5CDDA5A-FA2F-4BB7-9AA1-720A67B7EE43}.Debug|Any CPU.ActiveCfg = Debug|Any CPU
		{C5CDDA5A-FA2F-4BB7-9AA1-720A67B7EE43}.Debug|Any CPU.Build.0 = Debug|Any CPU
		{C5CDDA5A-FA2F-4BB7-9AA1-720A67B7EE43}.Release|Any CPU.ActiveCfg = Release|Any CPU
		{C5CDDA5A-FA2F-4BB7-9AA1-720A67B7EE43}.Release|Any CPU.Build.0 = Release|Any CPU
	EndGlobalSection
EndGlobal
